
Microsoft Visual Studio Solution File, Format Version 12.00
# Visual Studio Version 17
VisualStudioVersion = 17.6.33815.320
MinimumVisualStudioVersion = 10.0.40219.1
Project("{FAE04EC0-301F-11D3-BF4B-00C04F79EFBC}") = "ConsoleApp1", "ConsoleApp1.csproj", "{40ECD068-27C4-46D0-B704-8E682E02EF5A}"
EndProject
Global
	GlobalSection(SolutionConfigurationPlatforms) = preSolution
		Debug|Any CPU = Debug|Any CPU
		Release|Any CPU = Release|Any CPU
	EndGlobalSection
	GlobalSection(ProjectConfigurationPlatforms) = postSolution
		{40ECD068-27C4-46D0-B704-8E682E02EF5A}.Debug|Any CPU.ActiveCfg = Debug|Any CPU
		{40ECD068-27C4-46D0-B704-8E682E02EF5A}.Debug|Any CPU.Build.0 = Debug|Any CPU
		{40ECD068-27C4-46D0-B704-8E682E02EF5A}.Release|Any CPU.ActiveCfg = Release|Any CPU
		{40ECD068-27C4-46D0-B704-8E682E02EF5A}.Release|Any CPU.Build.0 = Release|Any CPU
	EndGlobalSection
	GlobalSection(SolutionProperties) = preSolution
		HideSolutionNode = FALSE
	EndGlobalSection
	GlobalSection(ExtensibilityGlobals) = postSolution
		SolutionGuid = {DB4E2127-B80F-4DD1-BC2D-A2DBE161040C}
	EndGlobalSection
EndGlobal
